
Microsoft Visual Studio Solution File, Format Version 12.00
# Visual Studio 14
VisualStudioVersion = 14.0.23107.0
MinimumVisualStudioVersion = 10.0.40219.1
Project("{FAE04EC0-301F-11D3-BF4B-00C04F79EFBC}") = "DD4T.Factories", "DD4T.Factories\DD4T.Factories.csproj", "{9E96EFE0-7478-4551-A47A-1F04B9F01DF7}"
EndProject
Project("{FAE04EC0-301F-11D3-BF4B-00C04F79EFBC}") = "DD4T.Utils", "DD4T.Utils\DD4T.Utils.csproj", "{D2CE08BE-7281-4697-ADFE-E7A031CB59EC}"
EndProject
Project("{2150E333-8FDC-42A3-9474-1A3956D46DE8}") = "DD4T Solution Items", "DD4T Solution Items", "{82B178B0-D5C8-42EB-9503-E1DF6258CA6C}"
	ProjectSection(SolutionItems) = preProject
		Dynamic Delivery Presentation Solution Items\AssemblyInfo.cs = Dynamic Delivery Presentation Solution Items\AssemblyInfo.cs
	EndProjectSection
EndProject
Project("{FAE04EC0-301F-11D3-BF4B-00C04F79EFBC}") = "DD4T.Core.Contracts", "DD4T.Core.Contracts\DD4T.Core.Contracts.csproj", "{F90A1191-CD6E-4016-9005-B28A96F7964E}"
EndProject
Project("{FAE04EC0-301F-11D3-BF4B-00C04F79EFBC}") = "DD4T.Core.Test", "DD4T.Core.Test\DD4T.Core.Test.csproj", "{003C6126-7BD3-436D-9C72-3D6325D97019}"
EndProject
Project("{FAE04EC0-301F-11D3-BF4B-00C04F79EFBC}") = "DD4T.Providers.Test", "DD4T.Providers.Test\DD4T.Providers.Test.csproj", "{899CC432-25D8-4D65-9D98-95D109300127}"
EndProject
Project("{2150E333-8FDC-42A3-9474-1A3956D46DE8}") = ".nuget", ".nuget", "{8B0B4771-6E87-4524-A41C-944DB20D079E}"
	ProjectSection(SolutionItems) = preProject
		.nuget\NuGet.Config = .nuget\NuGet.Config
		.nuget\NuGet.exe = .nuget\NuGet.exe
		.nuget\NuGet.targets = .nuget\NuGet.targets
	EndProjectSection
EndProject
Project("{FAE04EC0-301F-11D3-BF4B-00C04F79EFBC}") = "DD4T.ViewModels", "DD4T.ViewModels\DD4T.ViewModels.csproj", "{CC2B55DA-FFBC-44B9-ADA5-C087876AC199}"
EndProject
Global
	GlobalSection(SolutionConfigurationPlatforms) = preSolution
		Debug|Any CPU = Debug|Any CPU
		Release|Any CPU = Release|Any CPU
	EndGlobalSection
	GlobalSection(ProjectConfigurationPlatforms) = postSolution
		{9E96EFE0-7478-4551-A47A-1F04B9F01DF7}.Debug|Any CPU.ActiveCfg = Debug|Any CPU
		{9E96EFE0-7478-4551-A47A-1F04B9F01DF7}.Debug|Any CPU.Build.0 = Debug|Any CPU
		{9E96EFE0-7478-4551-A47A-1F04B9F01DF7}.Release|Any CPU.ActiveCfg = Release|Any CPU
		{9E96EFE0-7478-4551-A47A-1F04B9F01DF7}.Release|Any CPU.Build.0 = Release|Any CPU
		{D2CE08BE-7281-4697-ADFE-E7A031CB59EC}.Debug|Any CPU.ActiveCfg = Debug|Any CPU
		{D2CE08BE-7281-4697-ADFE-E7A031CB59EC}.Debug|Any CPU.Build.0 = Debug|Any CPU
		{D2CE08BE-7281-4697-ADFE-E7A031CB59EC}.Release|Any CPU.ActiveCfg = Release|Any CPU
		{D2CE08BE-7281-4697-ADFE-E7A031CB59EC}.Release|Any CPU.Build.0 = Release|Any CPU
		{F90A1191-CD6E-4016-9005-B28A96F7964E}.Debug|Any CPU.ActiveCfg = Debug|Any CPU
		{F90A1191-CD6E-4016-9005-B28A96F7964E}.Debug|Any CPU.Build.0 = Debug|Any CPU
		{F90A1191-CD6E-4016-9005-B28A96F7964E}.Release|Any CPU.ActiveCfg = Release|Any CPU
		{F90A1191-CD6E-4016-9005-B28A96F7964E}.Release|Any CPU.Build.0 = Release|Any CPU
		{003C6126-7BD3-436D-9C72-3D6325D97019}.Debug|Any CPU.ActiveCfg = Debug|Any CPU
		{003C6126-7BD3-436D-9C72-3D6325D97019}.Debug|Any CPU.Build.0 = Debug|Any CPU
		{003C6126-7BD3-436D-9C72-3D6325D97019}.Release|Any CPU.ActiveCfg = Release|Any CPU
		{003C6126-7BD3-436D-9C72-3D6325D97019}.Release|Any CPU.Build.0 = Release|Any CPU
		{899CC432-25D8-4D65-9D98-95D109300127}.Debug|Any CPU.ActiveCfg = Debug|Any CPU
		{899CC432-25D8-4D65-9D98-95D109300127}.Debug|Any CPU.Build.0 = Debug|Any CPU
		{899CC432-25D8-4D65-9D98-95D109300127}.Release|Any CPU.ActiveCfg = Release|Any CPU
		{899CC432-25D8-4D65-9D98-95D109300127}.Release|Any CPU.Build.0 = Release|Any CPU
		{CC2B55DA-FFBC-44B9-ADA5-C087876AC199}.Debug|Any CPU.ActiveCfg = Debug|Any CPU
		{CC2B55DA-FFBC-44B9-ADA5-C087876AC199}.Debug|Any CPU.Build.0 = Debug|Any CPU
		{CC2B55DA-FFBC-44B9-ADA5-C087876AC199}.Release|Any CPU.ActiveCfg = Release|Any CPU
		{CC2B55DA-FFBC-44B9-ADA5-C087876AC199}.Release|Any CPU.Build.0 = Release|Any CPU
	EndGlobalSection
	GlobalSection(SolutionProperties) = preSolution
		HideSolutionNode = FALSE
	EndGlobalSection
	GlobalSection(ExtensibilityGlobals) = postSolution
		EnterpriseLibraryConfigurationToolBinariesPath = packages\Unity.2.1.505.0\lib\NET35
	EndGlobalSection
EndGlobal
